
Microsoft Visual Studio Solution File, Format Version 12.00
# Visual Studio Version 17
VisualStudioVersion = 17.3.32929.385
MinimumVisualStudioVersion = 10.0.40219.1
Project("{9A19103F-16F7-4668-BE54-9A1E7A4F7556}") = "Web.Facade", "Web.Facade\Web.Facade.csproj", "{E5FA9929-D9D6-4E8E-9753-1C0CA7FAF35C}"
EndProject
Project("{9A19103F-16F7-4668-BE54-9A1E7A4F7556}") = "Infrastructure.Core", "Infrastructure.Core\Infrastructure.Core.csproj", "{1FFF9701-6002-404D-B06D-619E33B709D5}"
EndProject
Project("{9A19103F-16F7-4668-BE54-9A1E7A4F7556}") = "Infrastructure.Database", "Infrastructure.Database\Infrastructure.Database.csproj", "{9B0E48DD-5118-4865-800C-29B32EF91A2B}"
EndProject
Project("{9A19103F-16F7-4668-BE54-9A1E7A4F7556}") = "Menu.Service", "Menu.Service\Menu.Service.csproj", "{BD731EAB-202C-4040-BA79-A64019F97B51}"
EndProject
Project("{D954291E-2A0B-460D-934E-DC6B0785DB48}") = "Shared", "Shared\Shared.shproj", "{F3062310-9D1A-4838-8829-71052FDF3327}"
EndProject
Project("{9A19103F-16F7-4668-BE54-9A1E7A4F7556}") = "Messaging.Service", "Messaging.Service\Messaging.Service.csproj", "{B444FDA7-7355-4433-AA32-8552AA075EE2}"
EndProject
Project("{9A19103F-16F7-4668-BE54-9A1E7A4F7556}") = "CloudStorage.Service", "CloudStorage.Service\CloudStorage.Service.csproj", "{15BF4849-C4A4-4D5B-8742-916FCF048F30}"
EndProject
Project("{9A19103F-16F7-4668-BE54-9A1E7A4F7556}") = "Infrastructure.Auth", "Infrastructure.Auth\Infrastructure.Auth.csproj", "{FD1B1456-1A57-41F7-916C-009B0682FAFE}"
EndProject
Project("{FAE04EC0-301F-11D3-BF4B-00C04F79EFBC}") = "Category.Service", "Category.Service\Category.Service.csproj", "{856E6368-CA68-4C1E-A03C-D6D7B30A3FD3}"
EndProject
Global
	GlobalSection(SolutionConfigurationPlatforms) = preSolution
		Debug|Any CPU = Debug|Any CPU
		Release|Any CPU = Release|Any CPU
	EndGlobalSection
	GlobalSection(ProjectConfigurationPlatforms) = postSolution
		{E5FA9929-D9D6-4E8E-9753-1C0CA7FAF35C}.Debug|Any CPU.ActiveCfg = Debug|Any CPU
		{E5FA9929-D9D6-4E8E-9753-1C0CA7FAF35C}.Debug|Any CPU.Build.0 = Debug|Any CPU
		{E5FA9929-D9D6-4E8E-9753-1C0CA7FAF35C}.Release|Any CPU.ActiveCfg = Release|Any CPU
		{E5FA9929-D9D6-4E8E-9753-1C0CA7FAF35C}.Release|Any CPU.Build.0 = Release|Any CPU
		{1FFF9701-6002-404D-B06D-619E33B709D5}.Debug|Any CPU.ActiveCfg = Debug|Any CPU
		{1FFF9701-6002-404D-B06D-619E33B709D5}.Debug|Any CPU.Build.0 = Debug|Any CPU
		{1FFF9701-6002-404D-B06D-619E33B709D5}.Release|Any CPU.ActiveCfg = Release|Any CPU
		{1FFF9701-6002-404D-B06D-619E33B709D5}.Release|Any CPU.Build.0 = Release|Any CPU
		{9B0E48DD-5118-4865-800C-29B32EF91A2B}.Debug|Any CPU.ActiveCfg = Debug|Any CPU
		{9B0E48DD-5118-4865-800C-29B32EF91A2B}.Debug|Any CPU.Build.0 = Debug|Any CPU
		{9B0E48DD-5118-4865-800C-29B32EF91A2B}.Release|Any CPU.ActiveCfg = Release|Any CPU
		{9B0E48DD-5118-4865-800C-29B32EF91A2B}.Release|Any CPU.Build.0 = Release|Any CPU
		{BD731EAB-202C-4040-BA79-A64019F97B51}.Debug|Any CPU.ActiveCfg = Debug|Any CPU
		{BD731EAB-202C-4040-BA79-A64019F97B51}.Debug|Any CPU.Build.0 = Debug|Any CPU
		{BD731EAB-202C-4040-BA79-A64019F97B51}.Release|Any CPU.ActiveCfg = Release|Any CPU
		{BD731EAB-202C-4040-BA79-A64019F97B51}.Release|Any CPU.Build.0 = Release|Any CPU
		{B444FDA7-7355-4433-AA32-8552AA075EE2}.Debug|Any CPU.ActiveCfg = Debug|Any CPU
		{B444FDA7-7355-4433-AA32-8552AA075EE2}.Debug|Any CPU.Build.0 = Debug|Any CPU
		{B444FDA7-7355-4433-AA32-8552AA075EE2}.Release|Any CPU.ActiveCfg = Release|Any CPU
		{B444FDA7-7355-4433-AA32-8552AA075EE2}.Release|Any CPU.Build.0 = Release|Any CPU
		{15BF4849-C4A4-4D5B-8742-916FCF048F30}.Debug|Any CPU.ActiveCfg = Debug|Any CPU
		{15BF4849-C4A4-4D5B-8742-916FCF048F30}.Debug|Any CPU.Build.0 = Debug|Any CPU
		{15BF4849-C4A4-4D5B-8742-916FCF048F30}.Release|Any CPU.ActiveCfg = Release|Any CPU
		{15BF4849-C4A4-4D5B-8742-916FCF048F30}.Release|Any CPU.Build.0 = Release|Any CPU
		{FD1B1456-1A57-41F7-916C-009B0682FAFE}.Debug|Any CPU.ActiveCfg = Debug|Any CPU
		{FD1B1456-1A57-41F7-916C-009B0682FAFE}.Debug|Any CPU.Build.0 = Debug|Any CPU
		{FD1B1456-1A57-41F7-916C-009B0682FAFE}.Release|Any CPU.ActiveCfg = Release|Any CPU
		{FD1B1456-1A57-41F7-916C-009B0682FAFE}.Release|Any CPU.Build.0 = Release|Any CPU
		{856E6368-CA68-4C1E-A03C-D6D7B30A3FD3}.Debug|Any CPU.ActiveCfg = Debug|Any CPU
		{856E6368-CA68-4C1E-A03C-D6D7B30A3FD3}.Debug|Any CPU.Build.0 = Debug|Any CPU
		{856E6368-CA68-4C1E-A03C-D6D7B30A3FD3}.Release|Any CPU.ActiveCfg = Release|Any CPU
		{856E6368-CA68-4C1E-A03C-D6D7B30A3FD3}.Release|Any CPU.Build.0 = Release|Any CPU
	EndGlobalSection
	GlobalSection(SolutionProperties) = preSolution
		HideSolutionNode = FALSE
	EndGlobalSection
	GlobalSection(ExtensibilityGlobals) = postSolution
		SolutionGuid = {D85478F5-4939-4E19-B2E2-86E1E205B47C}
	EndGlobalSection
	GlobalSection(SharedMSBuildProjectFiles) = preSolution
		Shared\Shared.projitems*{15bf4849-c4a4-4d5b-8742-916fcf048f30}*SharedItemsImports = 5
		Shared\Shared.projitems*{1fff9701-6002-404d-b06d-619e33b709d5}*SharedItemsImports = 5
		Shared\Shared.projitems*{856e6368-ca68-4c1e-a03c-d6d7b30a3fd3}*SharedItemsImports = 5
		Shared\Shared.projitems*{9b0e48dd-5118-4865-800c-29b32ef91a2b}*SharedItemsImports = 5
		Shared\Shared.projitems*{b444fda7-7355-4433-aa32-8552aa075ee2}*SharedItemsImports = 5
		Shared\Shared.projitems*{bd731eab-202c-4040-ba79-a64019f97b51}*SharedItemsImports = 5
		Shared\Shared.projitems*{e5fa9929-d9d6-4e8e-9753-1c0ca7faf35c}*SharedItemsImports = 5
		Shared\Shared.projitems*{f3062310-9d1a-4838-8829-71052fdf3327}*SharedItemsImports = 13
		Shared\Shared.projitems*{fd1b1456-1a57-41f7-916c-009b0682fafe}*SharedItemsImports = 5
	EndGlobalSection
EndGlobal
